
Microsoft Visual Studio Solution File, Format Version 12.00
# Visual Studio 15
VisualStudioVersion = 15.0.27130.2026
MinimumVisualStudioVersion = 10.0.40219.1
Project("{9A19103F-16F7-4668-BE54-9A1E7A4F7556}") = "Adyen", "Adyen\Adyen.csproj", "{6B4DFCB5-0364-40DB-95F4-33AB0405DF81}"
EndProject
Project("{9A19103F-16F7-4668-BE54-9A1E7A4F7556}") = "Adyen.Test", "Adyen.Test\Adyen.Test.csproj", "{100ADBA3-8ABA-47EB-9D5D-9EFD3D213AE8}"
EndProject
Project("{FAE04EC0-301F-11D3-BF4B-00C04F79EFBC}") = "Adyen.IntegrationTest", "Adyen.IntegrationTest\Adyen.IntegrationTest.csproj", "{1EEC97F3-7190-42EB-9D4E-191BE6F5FC7F}"
EndProject
Global
	GlobalSection(SolutionConfigurationPlatforms) = preSolution
		Debug|Any CPU = Debug|Any CPU
		Release|Any CPU = Release|Any CPU
	EndGlobalSection
	GlobalSection(ProjectConfigurationPlatforms) = postSolution
		{6B4DFCB5-0364-40DB-95F4-33AB0405DF81}.Debug|Any CPU.ActiveCfg = Debug|Any CPU
		{6B4DFCB5-0364-40DB-95F4-33AB0405DF81}.Debug|Any CPU.Build.0 = Debug|Any CPU
		{6B4DFCB5-0364-40DB-95F4-33AB0405DF81}.Release|Any CPU.ActiveCfg = Release|Any CPU
		{6B4DFCB5-0364-40DB-95F4-33AB0405DF81}.Release|Any CPU.Build.0 = Release|Any CPU
		{100ADBA3-8ABA-47EB-9D5D-9EFD3D213AE8}.Debug|Any CPU.ActiveCfg = Debug|Any CPU
		{100ADBA3-8ABA-47EB-9D5D-9EFD3D213AE8}.Debug|Any CPU.Build.0 = Debug|Any CPU
		{100ADBA3-8ABA-47EB-9D5D-9EFD3D213AE8}.Release|Any CPU.ActiveCfg = Release|Any CPU
		{100ADBA3-8ABA-47EB-9D5D-9EFD3D213AE8}.Release|Any CPU.Build.0 = Release|Any CPU
		{1EEC97F3-7190-42EB-9D4E-191BE6F5FC7F}.Debug|Any CPU.ActiveCfg = Debug|Any CPU
		{1EEC97F3-7190-42EB-9D4E-191BE6F5FC7F}.Debug|Any CPU.Build.0 = Debug|Any CPU
		{1EEC97F3-7190-42EB-9D4E-191BE6F5FC7F}.Release|Any CPU.ActiveCfg = Release|Any CPU
		{1EEC97F3-7190-42EB-9D4E-191BE6F5FC7F}.Release|Any CPU.Build.0 = Release|Any CPU
	EndGlobalSection
	GlobalSection(SolutionProperties) = preSolution
		HideSolutionNode = FALSE
	EndGlobalSection
	GlobalSection(ExtensibilityGlobals) = postSolution
		SolutionGuid = {ABA654AE-8239-4602-848F-490EA75247A6}
	EndGlobalSection
EndGlobal
