
Microsoft Visual Studio Solution File, Format Version 12.00
# Visual Studio 15
VisualStudioVersion = 15.0.27130.2026
MinimumVisualStudioVersion = 10.0.40219.1
Project("{9A19103F-16F7-4668-BE54-9A1E7A4F7556}") = "Adyen.EcommLibrary.Test", "Adyen.EcommLibrary.Test\Adyen.EcommLibrary.Test.csproj", "{8AC1D1BC-1B6A-4DE4-93C2-91C845EC31D9}"
EndProject
Project("{9A19103F-16F7-4668-BE54-9A1E7A4F7556}") = "Adyen.EcommLibrary", "Adyen.EcommLibrary\Adyen.EcommLibrary.csproj", "{2C020234-B871-4F19-BB6A-2CECECAC3D20}"
EndProject
Project("{9A19103F-16F7-4668-BE54-9A1E7A4F7556}") = "Adyen.EcommLibrary.IntegrationTest", "..\..\adyen-dotnet-api-library-integrationtest\AdyenEcommLibrarySolution\Adyen.EcommLibrary.IntegrationTest\Adyen.EcommLibrary.IntegrationTest.csproj", "{BFD5B755-388E-4D54-9596-77276408FD53}"
EndProject
Global
	GlobalSection(SolutionConfigurationPlatforms) = preSolution
		Debug|Any CPU = Debug|Any CPU
		Release|Any CPU = Release|Any CPU
	EndGlobalSection
	GlobalSection(ProjectConfigurationPlatforms) = postSolution
		{8AC1D1BC-1B6A-4DE4-93C2-91C845EC31D9}.Debug|Any CPU.ActiveCfg = Debug|Any CPU
		{8AC1D1BC-1B6A-4DE4-93C2-91C845EC31D9}.Debug|Any CPU.Build.0 = Debug|Any CPU
		{8AC1D1BC-1B6A-4DE4-93C2-91C845EC31D9}.Release|Any CPU.ActiveCfg = Release|Any CPU
		{8AC1D1BC-1B6A-4DE4-93C2-91C845EC31D9}.Release|Any CPU.Build.0 = Release|Any CPU
		{2C020234-B871-4F19-BB6A-2CECECAC3D20}.Debug|Any CPU.ActiveCfg = Debug|Any CPU
		{2C020234-B871-4F19-BB6A-2CECECAC3D20}.Debug|Any CPU.Build.0 = Debug|Any CPU
		{2C020234-B871-4F19-BB6A-2CECECAC3D20}.Release|Any CPU.ActiveCfg = Release|Any CPU
		{2C020234-B871-4F19-BB6A-2CECECAC3D20}.Release|Any CPU.Build.0 = Release|Any CPU
		{BFD5B755-388E-4D54-9596-77276408FD53}.Debug|Any CPU.ActiveCfg = Debug|Any CPU
		{BFD5B755-388E-4D54-9596-77276408FD53}.Debug|Any CPU.Build.0 = Debug|Any CPU
		{BFD5B755-388E-4D54-9596-77276408FD53}.Release|Any CPU.ActiveCfg = Release|Any CPU
		{BFD5B755-388E-4D54-9596-77276408FD53}.Release|Any CPU.Build.0 = Release|Any CPU
	EndGlobalSection
	GlobalSection(SolutionProperties) = preSolution
		HideSolutionNode = FALSE
	EndGlobalSection
	GlobalSection(ExtensibilityGlobals) = postSolution
		SolutionGuid = {ABA654AE-8239-4602-848F-490EA75247A6}
	EndGlobalSection
EndGlobal
