
Microsoft Visual Studio Solution File, Format Version 12.00
# Visual Studio 15
VisualStudioVersion = 15.0.27004.2006
MinimumVisualStudioVersion = 10.0.40219.1
Project("{9A19103F-16F7-4668-BE54-9A1E7A4F7556}") = "Adyen.EcommLibrary", "Adyen.EcommLibrary\Adyen.EcommLibrary.csproj", "{B006B36C-B8B9-4B21-9A3A-3F4FF8879BA4}"
EndProject
Project("{9A19103F-16F7-4668-BE54-9A1E7A4F7556}") = "Adyen.EcommLibrary.Test", "Adyen.EcommLibrary.Test\Adyen.EcommLibrary.Test.csproj", "{8AC1D1BC-1B6A-4DE4-93C2-91C845EC31D9}"
EndProject
Global
	GlobalSection(SolutionConfigurationPlatforms) = preSolution
		Debug|Any CPU = Debug|Any CPU
		Release|Any CPU = Release|Any CPU
	EndGlobalSection
	GlobalSection(ProjectConfigurationPlatforms) = postSolution
		{B006B36C-B8B9-4B21-9A3A-3F4FF8879BA4}.Debug|Any CPU.ActiveCfg = Debug|Any CPU
		{B006B36C-B8B9-4B21-9A3A-3F4FF8879BA4}.Debug|Any CPU.Build.0 = Debug|Any CPU
		{B006B36C-B8B9-4B21-9A3A-3F4FF8879BA4}.Release|Any CPU.ActiveCfg = Release|Any CPU
		{B006B36C-B8B9-4B21-9A3A-3F4FF8879BA4}.Release|Any CPU.Build.0 = Release|Any CPU
		{8AC1D1BC-1B6A-4DE4-93C2-91C845EC31D9}.Debug|Any CPU.ActiveCfg = Debug|Any CPU
		{8AC1D1BC-1B6A-4DE4-93C2-91C845EC31D9}.Debug|Any CPU.Build.0 = Debug|Any CPU
		{8AC1D1BC-1B6A-4DE4-93C2-91C845EC31D9}.Release|Any CPU.ActiveCfg = Release|Any CPU
		{8AC1D1BC-1B6A-4DE4-93C2-91C845EC31D9}.Release|Any CPU.Build.0 = Release|Any CPU
	EndGlobalSection
	GlobalSection(SolutionProperties) = preSolution
		HideSolutionNode = FALSE
	EndGlobalSection
	GlobalSection(ExtensibilityGlobals) = postSolution
		SolutionGuid = {ABA654AE-8239-4602-848F-490EA75247A6}
	EndGlobalSection
EndGlobal
