
Microsoft Visual Studio Solution File, Format Version 12.00
# Visual Studio 15
VisualStudioVersion = 15.0.27130.2026
MinimumVisualStudioVersion = 10.0.40219.1
Project("{9A19103F-16F7-4668-BE54-9A1E7A4F7556}") = "Adyen", "Adyen\Adyen.csproj", "{FAC26204-E6D5-4DD8-8F85-9FB3513E789E}"
EndProject
Project("{9A19103F-16F7-4668-BE54-9A1E7A4F7556}") = "Adyen.Test", "Adyen.Test\Adyen.Test.csproj", "{2121E847-E6F3-458B-A71A-80481570893A}"
EndProject
Global
	GlobalSection(SolutionConfigurationPlatforms) = preSolution
		Debug|Any CPU = Debug|Any CPU
		Release|Any CPU = Release|Any CPU
	EndGlobalSection
	GlobalSection(ProjectConfigurationPlatforms) = postSolution
		{FAC26204-E6D5-4DD8-8F85-9FB3513E789E}.Debug|Any CPU.ActiveCfg = Debug|Any CPU
		{FAC26204-E6D5-4DD8-8F85-9FB3513E789E}.Debug|Any CPU.Build.0 = Debug|Any CPU
		{FAC26204-E6D5-4DD8-8F85-9FB3513E789E}.Release|Any CPU.ActiveCfg = Release|Any CPU
		{FAC26204-E6D5-4DD8-8F85-9FB3513E789E}.Release|Any CPU.Build.0 = Release|Any CPU
		{2121E847-E6F3-458B-A71A-80481570893A}.Debug|Any CPU.ActiveCfg = Debug|Any CPU
		{2121E847-E6F3-458B-A71A-80481570893A}.Debug|Any CPU.Build.0 = Debug|Any CPU
		{2121E847-E6F3-458B-A71A-80481570893A}.Release|Any CPU.ActiveCfg = Release|Any CPU
		{2121E847-E6F3-458B-A71A-80481570893A}.Release|Any CPU.Build.0 = Release|Any CPU
	EndGlobalSection
	GlobalSection(SolutionProperties) = preSolution
		HideSolutionNode = FALSE
	EndGlobalSection
	GlobalSection(ExtensibilityGlobals) = postSolution
		SolutionGuid = {ABA654AE-8239-4602-848F-490EA75247A6}
	EndGlobalSection
EndGlobal
